
Microsoft Visual Studio Solution File, Format Version 12.00
# Visual Studio Version 16
VisualStudioVersion = 16.0.31205.134
MinimumVisualStudioVersion = 10.0.40219.1
Project("{8BC9CEB8-8B4A-11D0-8D11-00A0C91BC942}") = "Constructors", "Constructors\Constructors.vcxproj", "{EDA83FD7-B164-4FB3-94B2-325302ECC957}"
EndProject
Project("{8BC9CEB8-8B4A-11D0-8D11-00A0C91BC942}") = "PixelAccess", "PixelAccess\PixelAccess.vcxproj", "{83C7CB1D-6D93-42B2-8FD4-41357E9BECC6}"
EndProject
Project("{8BC9CEB8-8B4A-11D0-8D11-00A0C91BC942}") = "PixelAccessRGB", "PixelAccessRGB\PixelAccessRGB.vcxproj", "{6276EA47-93D2-428E-910C-65AC23F610CA}"
EndProject
Project("{8BC9CEB8-8B4A-11D0-8D11-00A0C91BC942}") = "LoopPixels", "LoopPixels\LoopPixels.vcxproj", "{B27D615A-0514-497D-A1AD-E3BB1E099389}"
EndProject
Project("{8BC9CEB8-8B4A-11D0-8D11-00A0C91BC942}") = "DeepCopies", "DeepCopies\DeepCopies.vcxproj", "{162FF2E8-B09C-454B-A473-DE132AA7A8DE}"
EndProject
Project("{8BC9CEB8-8B4A-11D0-8D11-00A0C91BC942}") = "InvertImage", "InvertImage\InvertImage.vcxproj", "{70B40B3F-E1DC-44D3-B7D6-F867B798E43C}"
EndProject
Project("{8BC9CEB8-8B4A-11D0-8D11-00A0C91BC942}") = "InvertByLUT", "InvertByLUT\InvertByLUT.vcxproj", "{A8326CAB-9714-4779-8241-2F3522866CC9}"
EndProject
Project("{8BC9CEB8-8B4A-11D0-8D11-00A0C91BC942}") = "CalcHistogram", "CalcHistogram\CalcHistogram.vcxproj", "{DE2F05A9-F7C7-4082-96CF-9BF648E9F1D7}"
EndProject
Project("{8BC9CEB8-8B4A-11D0-8D11-00A0C91BC942}") = "DisplayHistogram", "DisplayHistogram\DisplayHistogram.vcxproj", "{666FAE37-D909-4CBD-A42C-59AD17E76C08}"
EndProject
Project("{8BC9CEB8-8B4A-11D0-8D11-00A0C91BC942}") = "SameHistogram", "SameHistogram\SameHistogram.vcxproj", "{D1CAB9F6-1FE8-4E6A-99C9-216B3D1A44A2}"
EndProject
Project("{8BC9CEB8-8B4A-11D0-8D11-00A0C91BC942}") = "MaxContrast", "MaxContrast\MaxContrast.vcxproj", "{F0C50101-4B9A-42FE-B770-BAAB04151BED}"
EndProject
Project("{8BC9CEB8-8B4A-11D0-8D11-00A0C91BC942}") = "HistoEqualization", "HistoEqualization\HistoEqualization.vcxproj", "{AA408284-F606-4417-91D6-9D7E13D88822}"
EndProject
Project("{8BC9CEB8-8B4A-11D0-8D11-00A0C91BC942}") = "Sandbox", "Sandbox\Sandbox.vcxproj", "{80340AEC-8C5D-444E-92B5-4999391F0284}"
EndProject
Project("{8BC9CEB8-8B4A-11D0-8D11-00A0C91BC942}") = "InvertByLutCV", "InvertByLutCV\InvertByLutCV.vcxproj", "{4F66B936-B469-4C50-8B45-8260B7279CBB}"
EndProject
Global
	GlobalSection(SolutionConfigurationPlatforms) = preSolution
		Debug|x64 = Debug|x64
		Debug|x86 = Debug|x86
		Release|x64 = Release|x64
		Release|x86 = Release|x86
	EndGlobalSection
	GlobalSection(ProjectConfigurationPlatforms) = postSolution
		{EDA83FD7-B164-4FB3-94B2-325302ECC957}.Debug|x64.ActiveCfg = Debug|x64
		{EDA83FD7-B164-4FB3-94B2-325302ECC957}.Debug|x64.Build.0 = Debug|x64
		{EDA83FD7-B164-4FB3-94B2-325302ECC957}.Debug|x86.ActiveCfg = Debug|Win32
		{EDA83FD7-B164-4FB3-94B2-325302ECC957}.Debug|x86.Build.0 = Debug|Win32
		{EDA83FD7-B164-4FB3-94B2-325302ECC957}.Release|x64.ActiveCfg = Release|x64
		{EDA83FD7-B164-4FB3-94B2-325302ECC957}.Release|x64.Build.0 = Release|x64
		{EDA83FD7-B164-4FB3-94B2-325302ECC957}.Release|x86.ActiveCfg = Release|Win32
		{EDA83FD7-B164-4FB3-94B2-325302ECC957}.Release|x86.Build.0 = Release|Win32
		{83C7CB1D-6D93-42B2-8FD4-41357E9BECC6}.Debug|x64.ActiveCfg = Debug|x64
		{83C7CB1D-6D93-42B2-8FD4-41357E9BECC6}.Debug|x64.Build.0 = Debug|x64
		{83C7CB1D-6D93-42B2-8FD4-41357E9BECC6}.Debug|x86.ActiveCfg = Debug|Win32
		{83C7CB1D-6D93-42B2-8FD4-41357E9BECC6}.Debug|x86.Build.0 = Debug|Win32
		{83C7CB1D-6D93-42B2-8FD4-41357E9BECC6}.Release|x64.ActiveCfg = Release|x64
		{83C7CB1D-6D93-42B2-8FD4-41357E9BECC6}.Release|x64.Build.0 = Release|x64
		{83C7CB1D-6D93-42B2-8FD4-41357E9BECC6}.Release|x86.ActiveCfg = Release|Win32
		{83C7CB1D-6D93-42B2-8FD4-41357E9BECC6}.Release|x86.Build.0 = Release|Win32
		{6276EA47-93D2-428E-910C-65AC23F610CA}.Debug|x64.ActiveCfg = Debug|x64
		{6276EA47-93D2-428E-910C-65AC23F610CA}.Debug|x64.Build.0 = Debug|x64
		{6276EA47-93D2-428E-910C-65AC23F610CA}.Debug|x86.ActiveCfg = Debug|Win32
		{6276EA47-93D2-428E-910C-65AC23F610CA}.Debug|x86.Build.0 = Debug|Win32
		{6276EA47-93D2-428E-910C-65AC23F610CA}.Release|x64.ActiveCfg = Release|x64
		{6276EA47-93D2-428E-910C-65AC23F610CA}.Release|x64.Build.0 = Release|x64
		{6276EA47-93D2-428E-910C-65AC23F610CA}.Release|x86.ActiveCfg = Release|Win32
		{6276EA47-93D2-428E-910C-65AC23F610CA}.Release|x86.Build.0 = Release|Win32
		{B27D615A-0514-497D-A1AD-E3BB1E099389}.Debug|x64.ActiveCfg = Debug|x64
		{B27D615A-0514-497D-A1AD-E3BB1E099389}.Debug|x64.Build.0 = Debug|x64
		{B27D615A-0514-497D-A1AD-E3BB1E099389}.Debug|x86.ActiveCfg = Debug|Win32
		{B27D615A-0514-497D-A1AD-E3BB1E099389}.Debug|x86.Build.0 = Debug|Win32
		{B27D615A-0514-497D-A1AD-E3BB1E099389}.Release|x64.ActiveCfg = Release|x64
		{B27D615A-0514-497D-A1AD-E3BB1E099389}.Release|x64.Build.0 = Release|x64
		{B27D615A-0514-497D-A1AD-E3BB1E099389}.Release|x86.ActiveCfg = Release|Win32
		{B27D615A-0514-497D-A1AD-E3BB1E099389}.Release|x86.Build.0 = Release|Win32
		{162FF2E8-B09C-454B-A473-DE132AA7A8DE}.Debug|x64.ActiveCfg = Debug|x64
		{162FF2E8-B09C-454B-A473-DE132AA7A8DE}.Debug|x64.Build.0 = Debug|x64
		{162FF2E8-B09C-454B-A473-DE132AA7A8DE}.Debug|x86.ActiveCfg = Debug|Win32
		{162FF2E8-B09C-454B-A473-DE132AA7A8DE}.Debug|x86.Build.0 = Debug|Win32
		{162FF2E8-B09C-454B-A473-DE132AA7A8DE}.Release|x64.ActiveCfg = Release|x64
		{162FF2E8-B09C-454B-A473-DE132AA7A8DE}.Release|x64.Build.0 = Release|x64
		{162FF2E8-B09C-454B-A473-DE132AA7A8DE}.Release|x86.ActiveCfg = Release|Win32
		{162FF2E8-B09C-454B-A473-DE132AA7A8DE}.Release|x86.Build.0 = Release|Win32
		{70B40B3F-E1DC-44D3-B7D6-F867B798E43C}.Debug|x64.ActiveCfg = Debug|x64
		{70B40B3F-E1DC-44D3-B7D6-F867B798E43C}.Debug|x64.Build.0 = Debug|x64
		{70B40B3F-E1DC-44D3-B7D6-F867B798E43C}.Debug|x86.ActiveCfg = Debug|Win32
		{70B40B3F-E1DC-44D3-B7D6-F867B798E43C}.Debug|x86.Build.0 = Debug|Win32
		{70B40B3F-E1DC-44D3-B7D6-F867B798E43C}.Release|x64.ActiveCfg = Release|x64
		{70B40B3F-E1DC-44D3-B7D6-F867B798E43C}.Release|x64.Build.0 = Release|x64
		{70B40B3F-E1DC-44D3-B7D6-F867B798E43C}.Release|x86.ActiveCfg = Release|Win32
		{70B40B3F-E1DC-44D3-B7D6-F867B798E43C}.Release|x86.Build.0 = Release|Win32
		{A8326CAB-9714-4779-8241-2F3522866CC9}.Debug|x64.ActiveCfg = Debug|x64
		{A8326CAB-9714-4779-8241-2F3522866CC9}.Debug|x64.Build.0 = Debug|x64
		{A8326CAB-9714-4779-8241-2F3522866CC9}.Debug|x86.ActiveCfg = Debug|Win32
		{A8326CAB-9714-4779-8241-2F3522866CC9}.Debug|x86.Build.0 = Debug|Win32
		{A8326CAB-9714-4779-8241-2F3522866CC9}.Release|x64.ActiveCfg = Release|x64
		{A8326CAB-9714-4779-8241-2F3522866CC9}.Release|x64.Build.0 = Release|x64
		{A8326CAB-9714-4779-8241-2F3522866CC9}.Release|x86.ActiveCfg = Release|Win32
		{A8326CAB-9714-4779-8241-2F3522866CC9}.Release|x86.Build.0 = Release|Win32
		{DE2F05A9-F7C7-4082-96CF-9BF648E9F1D7}.Debug|x64.ActiveCfg = Debug|x64
		{DE2F05A9-F7C7-4082-96CF-9BF648E9F1D7}.Debug|x64.Build.0 = Debug|x64
		{DE2F05A9-F7C7-4082-96CF-9BF648E9F1D7}.Debug|x86.ActiveCfg = Debug|Win32
		{DE2F05A9-F7C7-4082-96CF-9BF648E9F1D7}.Debug|x86.Build.0 = Debug|Win32
		{DE2F05A9-F7C7-4082-96CF-9BF648E9F1D7}.Release|x64.ActiveCfg = Release|x64
		{DE2F05A9-F7C7-4082-96CF-9BF648E9F1D7}.Release|x64.Build.0 = Release|x64
		{DE2F05A9-F7C7-4082-96CF-9BF648E9F1D7}.Release|x86.ActiveCfg = Release|Win32
		{DE2F05A9-F7C7-4082-96CF-9BF648E9F1D7}.Release|x86.Build.0 = Release|Win32
		{666FAE37-D909-4CBD-A42C-59AD17E76C08}.Debug|x64.ActiveCfg = Debug|x64
		{666FAE37-D909-4CBD-A42C-59AD17E76C08}.Debug|x64.Build.0 = Debug|x64
		{666FAE37-D909-4CBD-A42C-59AD17E76C08}.Debug|x86.ActiveCfg = Debug|Win32
		{666FAE37-D909-4CBD-A42C-59AD17E76C08}.Debug|x86.Build.0 = Debug|Win32
		{666FAE37-D909-4CBD-A42C-59AD17E76C08}.Release|x64.ActiveCfg = Release|x64
		{666FAE37-D909-4CBD-A42C-59AD17E76C08}.Release|x64.Build.0 = Release|x64
		{666FAE37-D909-4CBD-A42C-59AD17E76C08}.Release|x86.ActiveCfg = Release|Win32
		{666FAE37-D909-4CBD-A42C-59AD17E76C08}.Release|x86.Build.0 = Release|Win32
		{D1CAB9F6-1FE8-4E6A-99C9-216B3D1A44A2}.Debug|x64.ActiveCfg = Debug|x64
		{D1CAB9F6-1FE8-4E6A-99C9-216B3D1A44A2}.Debug|x64.Build.0 = Debug|x64
		{D1CAB9F6-1FE8-4E6A-99C9-216B3D1A44A2}.Debug|x86.ActiveCfg = Debug|Win32
		{D1CAB9F6-1FE8-4E6A-99C9-216B3D1A44A2}.Debug|x86.Build.0 = Debug|Win32
		{D1CAB9F6-1FE8-4E6A-99C9-216B3D1A44A2}.Release|x64.ActiveCfg = Release|x64
		{D1CAB9F6-1FE8-4E6A-99C9-216B3D1A44A2}.Release|x64.Build.0 = Release|x64
		{D1CAB9F6-1FE8-4E6A-99C9-216B3D1A44A2}.Release|x86.ActiveCfg = Release|Win32
		{D1CAB9F6-1FE8-4E6A-99C9-216B3D1A44A2}.Release|x86.Build.0 = Release|Win32
		{F0C50101-4B9A-42FE-B770-BAAB04151BED}.Debug|x64.ActiveCfg = Debug|x64
		{F0C50101-4B9A-42FE-B770-BAAB04151BED}.Debug|x64.Build.0 = Debug|x64
		{F0C50101-4B9A-42FE-B770-BAAB04151BED}.Debug|x86.ActiveCfg = Debug|Win32
		{F0C50101-4B9A-42FE-B770-BAAB04151BED}.Debug|x86.Build.0 = Debug|Win32
		{F0C50101-4B9A-42FE-B770-BAAB04151BED}.Release|x64.ActiveCfg = Release|x64
		{F0C50101-4B9A-42FE-B770-BAAB04151BED}.Release|x64.Build.0 = Release|x64
		{F0C50101-4B9A-42FE-B770-BAAB04151BED}.Release|x86.ActiveCfg = Release|Win32
		{F0C50101-4B9A-42FE-B770-BAAB04151BED}.Release|x86.Build.0 = Release|Win32
		{AA408284-F606-4417-91D6-9D7E13D88822}.Debug|x64.ActiveCfg = Debug|x64
		{AA408284-F606-4417-91D6-9D7E13D88822}.Debug|x64.Build.0 = Debug|x64
		{AA408284-F606-4417-91D6-9D7E13D88822}.Debug|x86.ActiveCfg = Debug|Win32
		{AA408284-F606-4417-91D6-9D7E13D88822}.Debug|x86.Build.0 = Debug|Win32
		{AA408284-F606-4417-91D6-9D7E13D88822}.Release|x64.ActiveCfg = Release|x64
		{AA408284-F606-4417-91D6-9D7E13D88822}.Release|x64.Build.0 = Release|x64
		{AA408284-F606-4417-91D6-9D7E13D88822}.Release|x86.ActiveCfg = Release|Win32
		{AA408284-F606-4417-91D6-9D7E13D88822}.Release|x86.Build.0 = Release|Win32
		{80340AEC-8C5D-444E-92B5-4999391F0284}.Debug|x64.ActiveCfg = Debug|x64
		{80340AEC-8C5D-444E-92B5-4999391F0284}.Debug|x64.Build.0 = Debug|x64
		{80340AEC-8C5D-444E-92B5-4999391F0284}.Debug|x86.ActiveCfg = Debug|Win32
		{80340AEC-8C5D-444E-92B5-4999391F0284}.Debug|x86.Build.0 = Debug|Win32
		{80340AEC-8C5D-444E-92B5-4999391F0284}.Release|x64.ActiveCfg = Release|x64
		{80340AEC-8C5D-444E-92B5-4999391F0284}.Release|x64.Build.0 = Release|x64
		{80340AEC-8C5D-444E-92B5-4999391F0284}.Release|x86.ActiveCfg = Release|Win32
		{80340AEC-8C5D-444E-92B5-4999391F0284}.Release|x86.Build.0 = Release|Win32
		{4F66B936-B469-4C50-8B45-8260B7279CBB}.Debug|x64.ActiveCfg = Debug|x64
		{4F66B936-B469-4C50-8B45-8260B7279CBB}.Debug|x64.Build.0 = Debug|x64
		{4F66B936-B469-4C50-8B45-8260B7279CBB}.Debug|x86.ActiveCfg = Debug|Win32
		{4F66B936-B469-4C50-8B45-8260B7279CBB}.Debug|x86.Build.0 = Debug|Win32
		{4F66B936-B469-4C50-8B45-8260B7279CBB}.Release|x64.ActiveCfg = Release|x64
		{4F66B936-B469-4C50-8B45-8260B7279CBB}.Release|x64.Build.0 = Release|x64
		{4F66B936-B469-4C50-8B45-8260B7279CBB}.Release|x86.ActiveCfg = Release|Win32
		{4F66B936-B469-4C50-8B45-8260B7279CBB}.Release|x86.Build.0 = Release|Win32
	EndGlobalSection
	GlobalSection(SolutionProperties) = preSolution
		HideSolutionNode = FALSE
	EndGlobalSection
	GlobalSection(ExtensibilityGlobals) = postSolution
		SolutionGuid = {D2C2FB85-D5B7-4E91-8645-B792D3C133A0}
	EndGlobalSection
EndGlobal
